PODS:
  - Capacitor (6.0.0):
    - CapacitorCordova
  - CapacitorCamera (6.0.0):
    - Capacitor
  - CapacitorCordova (6.0.0)
  - CapacitorDevice (6.0.0):
    - Capacitor
  - CapacitorFilesystem (6.0.0):
    - Capacitor
  - CapacitorPreferences (6.0.0):
    - Capacitor

DEPENDENCIES:
  - "Capacitor (from `../../node_modules/@capacitor/ios`)"
  - "CapacitorCamera (from `../../node_modules/@capacitor/camera`)"
  - "CapacitorCordova (from `../../node_modules/@capacitor/ios`)"
  - "CapacitorDevice (from `../../node_modules/@capacitor/device`)"
  - "CapacitorFilesystem (from `../../node_modules/@capacitor/filesystem`)"
  - "CapacitorPreferences (from `../../node_modules/@capacitor/preferences`)"

EXTERNAL SOURCES:
  Capacitor:
    :path: "../../node_modules/@capacitor/ios"
  CapacitorCamera:
    :path: "../../node_modules/@capacitor/camera"
  CapacitorCordova:
    :path: "../../node_modules/@capacitor/ios"
  CapacitorDevice:
    :path: "../../node_modules/@capacitor/device"
  CapacitorFilesystem:
    :path: "../../node_modules/@capacitor/filesystem"
  CapacitorPreferences:
    :path: "../../node_modules/@capacitor/preferences"

SPEC CHECKSUMS:
  Capacitor: 559d073c4ca6c27f8e7002c807eea94c3ba435a9
  CapacitorCamera: b61f125d92a0ef75d7becb7956fed7dd13187ee0
  CapacitorCordova: 8c4bfdf69368512e85b1d8b724dd7546abeb30af
  CapacitorDevice: f8fd88f9edd1261c55a109f32015b09bbbfdc4a0
  CapacitorFilesystem: 60e59ba274c234a979e7a3be2552feaadcee4263
  CapacitorPreferences: c9b839a80baa72e4ed4bdb117618e1950d3046b5

PODFILE CHECKSUM: 2934d0d890d19f7717c68a3e982c6bc3f242cd1c

COCOAPODS: 1.13.0
